
Microsoft Visual Studio Solution File, Format Version 12.00
# Visual Studio Version 16
VisualStudioVersion = 16.0.31624.102
MinimumVisualStudioVersion = 10.0.40219.1
Project("{8BC9CEB8-8B4A-11D0-8D11-00A0C91BC942}") = "libAdrikikicpSDK", "libAdrikikicpSDK.vcxproj", "{1CC3AD8E-BF65-4D50-8614-E288A4360B0F}"
EndProject
Global
	GlobalSection(SolutionConfigurationPlatforms) = preSolution
		Debug|x64 = Debug|x64
		Debug|x86 = Debug|x86
		Release|x64 = Release|x64
		Release|x86 = Release|x86
	EndGlobalSection
	GlobalSection(ProjectConfigurationPlatforms) = postSolution
		{1CC3AD8E-BF65-4D50-8614-E288A4360B0F}.Debug|x64.ActiveCfg = Debug|x64
		{1CC3AD8E-BF65-4D50-8614-E288A4360B0F}.Debug|x64.Build.0 = Debug|x64
		{1CC3AD8E-BF65-4D50-8614-E288A4360B0F}.Debug|x86.ActiveCfg = Debug|Win32
		{1CC3AD8E-BF65-4D50-8614-E288A4360B0F}.Debug|x86.Build.0 = Debug|Win32
		{1CC3AD8E-BF65-4D50-8614-E288A4360B0F}.Release|x64.ActiveCfg = Release|x64
		{1CC3AD8E-BF65-4D50-8614-E288A4360B0F}.Release|x64.Build.0 = Release|x64
		{1CC3AD8E-BF65-4D50-8614-E288A4360B0F}.Release|x86.ActiveCfg = Release|Win32
		{1CC3AD8E-BF65-4D50-8614-E288A4360B0F}.Release|x86.Build.0 = Release|Win32
	EndGlobalSection
	GlobalSection(SolutionProperties) = preSolution
		HideSolutionNode = FALSE
	EndGlobalSection
	GlobalSection(ExtensibilityGlobals) = postSolution
		SolutionGuid = {D637147B-F90E-480D-B5B3-1421B60C7A86}
	EndGlobalSection
EndGlobal
